// !$*UTF8*$!
{
	archiveVersion = 1;
	classes = {
	};
	objectVersion = 46;
	objects = {

/* Begin PBXBuildFile section */
		593799EE1B3D681800B6B843 /* AppDelegate.m in Sources */ = {isa = PBXBuildFile; fileRef = 593799ED1B3D681800B6B843 /* AppDelegate.m */; };
		593799F01B3D681800B6B843 /* main.m in Sources */ = {isa = PBXBuildFile; fileRef = 593799EF1B3D681800B6B843 /* main.m */; };
		593799F31B3D681800B6B843 /* ViewController.m in Sources */ = {isa = PBXBuildFile; fileRef = 593799F21B3D681800B6B843 /* ViewController.m */; };
		593799F51B3D681800B6B843 /* Images.xcassets in Resources */ = {isa = PBXBuildFile; fileRef = 593799F41B3D681800B6B843 /* Images.xcassets */; };
		593799F81B3D681800B6B843 /* Main.storyboard in Resources */ = {isa = PBXBuildFile; fileRef = 593799F61B3D681800B6B843 /* Main.storyboard */; };
		59379A041B3D681800B6B843 /* TV_ShowsTests.m in Sources */ = {isa = PBXBuildFile; fileRef = 59379A031B3D681800B6B843 /* TV_ShowsTests.m */; };
		59379A0F1B3D68A300B6B843 /* TVShow.m in Sources */ = {isa = PBXBuildFile; fileRef = 59379A0E1B3D68A300B6B843 /* TVShow.m */; };
		59379A141B3D6A1100B6B843 /* DetailTableCellView.m in Sources */ = {isa = PBXBuildFile; fileRef = 59379A111B3D6A1100B6B843 /* DetailTableCellView.m */; };
		59379A151B3D6A1100B6B843 /* NameTableCellView.m in Sources */ = {isa = PBXBuildFile; fileRef = 59379A131B3D6A1100B6B843 /* NameTableCellView.m */; };
		59379A181B3D6D3400B6B843 /* TVShows.dat in Resources */ = {isa = PBXBuildFile; fileRef = 59379A171B3D6D3400B6B843 /* TVShows.dat */; };
		59379A1D1B3D7D7700B6B843 /* icon.png in Resources */ = {isa = PBXBuildFile; fileRef = 59379A1C1B3D7D7700B6B843 /* icon.png */; };
		59379A211B3D7E7A00B6B843 /* HelpViewController.m in Sources */ = {isa = PBXBuildFile; fileRef = 59379A1F1B3D7E7A00B6B843 /* HelpViewController.m */; };
		59379A261B3D830800B6B843 /* AddViewController.m in Sources */ = {isa = PBXBuildFile; fileRef = 59379A241B3D830800B6B843 /* AddViewController.m */; };
		59379A2A1B3D9DD700B6B843 /* EditorViewController.m in Sources */ = {isa = PBXBuildFile; fileRef = 59379A291B3D9DD700B6B843 /* EditorViewController.m */; };
		59379A2E1B3DB3E200B6B843 /* SortViewController.m in Sources */ = {isa = PBXBuildFile; fileRef = 59379A2C1B3DB3E200B6B843 /* SortViewController.m */; };
		59379A361B3DBE9C00B6B843 /* Item.m in Sources */ = {isa = PBXBuildFile; fileRef = 59379A351B3DBE9C00B6B843 /* Item.m */; };
		59379A381B3DBF6200B6B843 /* info.jpg in Resources */ = {isa = PBXBuildFile; fileRef = 59379A371B3DBF6200B6B843 /* info.jpg */; };
		59379A3B1B3DBFAF00B6B843 /* GeneratorViewController.m in Sources */ = {isa = PBXBuildFile; fileRef = 59379A3A1B3DBFAF00B6B843 /* GeneratorViewController.m */; };
		5940FA141B5FCA0B00C09C1F /* NotificationCenter.framework in Frameworks */ = {isa = PBXBuildFile; fileRef = 5955F05F1B53896200FA288B /* NotificationCenter.framework */; };
		5940FA1B1B5FCA0B00C09C1F /* InfoPlist.strings in Resources */ = {isa = PBXBuildFile; fileRef = 5940FA191B5FCA0B00C09C1F /* InfoPlist.strings */; };
		5940FA1E1B5FCA0B00C09C1F /* TodayViewController.m in Sources */ = {isa = PBXBuildFile; fileRef = 5940FA1D1B5FCA0B00C09C1F /* TodayViewController.m */; };
		5940FA201B5FCA0B00C09C1F /* TodayViewController.xib in Resources */ = {isa = PBXBuildFile; fileRef = 5940FA1F1B5FCA0B00C09C1F /* TodayViewController.xib */; };
		5940FA231B5FCA0B00C09C1F /* TV Shows Info.appex in Embed App Extensions */ = {isa = PBXBuildFile; fileRef = 5940FA131B5FCA0B00C09C1F /* TV Shows Info.appex */; settings = {ATTRIBUTES = (RemoveHeadersOnCopy, ); }; };
		5940FA281B5FCAA200C09C1F /* icon.png in Resources */ = {isa = PBXBuildFile; fileRef = 5940FA271B5FCAA200C09C1F /* icon.png */; };
		5940FA2B1B5FDDB000C09C1F /* TVShow.m in Sources */ = {isa = PBXBuildFile; fileRef = 5940FA2A1B5FDDB000C09C1F /* TVShow.m */; };
		594A1B141B628129003F5CD2 /* GRSeparatorLineView.m in Sources */ = {isa = PBXBuildFile; fileRef = 594A1B0D1B628129003F5CD2 /* GRSeparatorLineView.m */; };
		594A1B151B628129003F5CD2 /* GRVibrantTitlebarView.m in Sources */ = {isa = PBXBuildFile; fileRef = 594A1B0F1B628129003F5CD2 /* GRVibrantTitlebarView.m */; };
		594A1B161B628129003F5CD2 /* GRVibrantTitlebarWindow.m in Sources */ = {isa = PBXBuildFile; fileRef = 594A1B111B628129003F5CD2 /* GRVibrantTitlebarWindow.m */; };
		594A1B171B628129003F5CD2 /* GRVibrantTitleView.m in Sources */ = {isa = PBXBuildFile; fileRef = 594A1B131B628129003F5CD2 /* GRVibrantTitleView.m */; };
		5955F0601B53896200FA288B /* NotificationCenter.framework in Frameworks */ = {isa = PBXBuildFile; fileRef = 5955F05F1B53896200FA288B /* NotificationCenter.framework */; };
		5955F0671B53896200FA288B /* InfoPlist.strings in Resources */ = {isa = PBXBuildFile; fileRef = 5955F0651B53896200FA288B /* InfoPlist.strings */; };
		5955F06A1B53896200FA288B /* TodayViewController.m in Sources */ = {isa = PBXBuildFile; fileRef = 5955F0691B53896200FA288B /* TodayViewController.m */; };
		5955F06D1B53896200FA288B /* ListRowViewController.m in Sources */ = {isa = PBXBuildFile; fileRef = 5955F06C1B53896200FA288B /* ListRowViewController.m */; };
		5955F06F1B53896200FA288B /* TodayViewController.xib in Resources */ = {isa = PBXBuildFile; fileRef = 5955F06E1B53896200FA288B /* TodayViewController.xib */; };
		5955F0711B53896200FA288B /* ListRowViewController.xib in Resources */ = {isa = PBXBuildFile; fileRef = 5955F0701B53896200FA288B /* ListRowViewController.xib */; };
		5955F0741B53896200FA288B /* Today's Shows.appex in Embed App Extensions */ = {isa = PBXBuildFile; fileRef = 5955F05D1B53896200FA288B /* Today's Shows.appex */; settings = {ATTRIBUTES = (RemoveHeadersOnCopy, ); }; };
		5955F07F1B5389A400FA288B /* TVShow.m in Sources */ = {isa = PBXBuildFile; fileRef = 5955F07E1B5389A400FA288B /* TVShow.m */; };
		596397721B5A830500B2286F /* GRPushSegue.m in Sources */ = {isa = PBXBuildFile; fileRef = 596397711B5A830500B2286F /* GRPushSegue.m */; };
		5970FD4D1B48447D00770657 /* NSImage+Blur.m in Sources */ = {isa = PBXBuildFile; fileRef = 5970FD4C1B48447D00770657 /* NSImage+Blur.m */; };
		598774CF1B53B53C002AE8E0 /* CURRENTLY_FOLLOWING.png in Resources */ = {isa = PBXBuildFile; fileRef = 598774CE1B53B53C002AE8E0 /* CURRENTLY_FOLLOWING.png */; };
		59EAE0FC1B614046002812FB /* libz.dylib in Frameworks */ = {isa = PBXBuildFile; fileRef = 59EAE0FB1B614046002812FB /* libz.dylib */; };
		59EAE0FE1B6143EA002812FB /* CFNetwork.framework in Frameworks */ = {isa = PBXBuildFile; fileRef = 59EAE0FD1B6143EA002812FB /* CFNetwork.framework */; };
		59EAE1151B614464002812FB /* BRRequest+_UserData.m in Sources */ = {isa = PBXBuildFile; fileRef = 59EAE1021B614464002812FB /* BRRequest+_UserData.m */; };
		59EAE1161B614464002812FB /* BRRequest.m in Sources */ = {isa = PBXBuildFile; fileRef = 59EAE1041B614464002812FB /* BRRequest.m */; };
		59EAE1171B614464002812FB /* BRRequestCreateDirectory.m in Sources */ = {isa = PBXBuildFile; fileRef = 59EAE1061B614464002812FB /* BRRequestCreateDirectory.m */; };
		59EAE1181B614464002812FB /* BRRequestDelete.m in Sources */ = {isa = PBXBuildFile; fileRef = 59EAE1081B614464002812FB /* BRRequestDelete.m */; };
		59EAE1191B614464002812FB /* BRRequestDownload.m in Sources */ = {isa = PBXBuildFile; fileRef = 59EAE10A1B614464002812FB /* BRRequestDownload.m */; };
		59EAE11A1B614464002812FB /* BRRequestError.m in Sources */ = {isa = PBXBuildFile; fileRef = 59EAE10C1B614464002812FB /* BRRequestError.m */; };
		59EAE11B1B614464002812FB /* BRRequestListDirectory.m in Sources */ = {isa = PBXBuildFile; fileRef = 59EAE10E1B614464002812FB /* BRRequestListDirectory.m */; };
		59EAE11C1B614464002812FB /* BRRequestQueue.m in Sources */ = {isa = PBXBuildFile; fileRef = 59EAE1101B614464002812FB /* BRRequestQueue.m */; };
		59EAE11D1B614464002812FB /* BRRequestUpload.m in Sources */ = {isa = PBXBuildFile; fileRef = 59EAE1121B614464002812FB /* BRRequestUpload.m */; };
		59EAE11E1B614464002812FB /* BRStreamInfo.m in Sources */ = {isa = PBXBuildFile; fileRef = 59EAE1141B614464002812FB /* BRStreamInfo.m */; };
		59EAE12F1B614484002812FB /* ioapi.c in Sources */ = {isa = PBXBuildFile; fileRef = 59EAE1241B614484002812FB /* ioapi.c */; };
		59EAE1301B614484002812FB /* mztools.c in Sources */ = {isa = PBXBuildFile; fileRef = 59EAE1261B614484002812FB /* mztools.c */; };
		59EAE1311B614484002812FB /* unzip.c in Sources */ = {isa = PBXBuildFile; fileRef = 59EAE1281B614484002812FB /* unzip.c */; };
		59EAE1321B614484002812FB /* zip.c in Sources */ = {isa = PBXBuildFile; fileRef = 59EAE12A1B614484002812FB /* zip.c */; };
		59EAE1331B614484002812FB /* SSZipArchive.m in Sources */ = {isa = PBXBuildFile; fileRef = 59EAE12D1B614484002812FB /* SSZipArchive.m */; };
/* End PBXBuildFile section */

/* Begin PBXContainerItemProxy section */
		593799FE1B3D681800B6B843 /* PBXContainerItemProxy */ = {
			isa = PBXContainerItemProxy;
			containerPortal = 593799DF1B3D681800B6B843 /* Project object */;
			proxyType = 1;
			remoteGlobalIDString = 593799E61B3D681800B6B843;
			remoteInfo = "TV Shows";
		};
		5940FA211B5FCA0B00C09C1F /* PBXContainerItemProxy */ = {
			isa = PBXContainerItemProxy;
			containerPortal = 593799DF1B3D681800B6B843 /* Project object */;
			proxyType = 1;
			remoteGlobalIDString = 5940FA121B5FCA0B00C09C1F;
			remoteInfo = "TV Shows Info";
		};
		5955F0721B53896200FA288B /* PBXContainerItemProxy */ = {
			isa = PBXContainerItemProxy;
			containerPortal = 593799DF1B3D681800B6B843 /* Project object */;
			proxyType = 1;
			remoteGlobalIDString = 5955F05C1B53896200FA288B;
			remoteInfo = "Today's Shows";
		};
/* End PBXContainerItemProxy section */

/* Begin PBXCopyFilesBuildPhase section */
		5955F0781B53896200FA288B /* Embed App Extensions */ = {
			isa = PBXCopyFilesBuildPhase;
			buildActionMask = 2147483647;
			dstPath = "";
			dstSubfolderSpec = 13;
			files = (
				5955F0741B53896200FA288B /* Today's Shows.appex in Embed App Extensions */,
				5940FA231B5FCA0B00C09C1F /* TV Shows Info.appex in Embed App Extensions */,
			);
			name = "Embed App Extensions";
			runOnlyForDeploymentPostprocessing = 0;
		};
/* End PBXCopyFilesBuildPhase section */

/* Begin PBXFileReference section */
		593799E71B3D681800B6B843 /* TV Shows.app */ = {isa = PBXFileReference; explicitFileType = wrapper.application; includeInIndex = 0; path = "TV Shows.app"; sourceTree = BUILT_PRODUCTS_DIR; };
		593799EB1B3D681800B6B843 /* Info.plist */ = {isa = PBXFileReference; lastKnownFileType = text.plist.xml; path = Info.plist; sourceTree = "<group>"; };
		593799EC1B3D681800B6B843 /* AppDelegate.h */ = {isa = PBXFileReference; lastKnownFileType = sourcecode.c.h; path = AppDelegate.h; sourceTree = "<group>"; };
		593799ED1B3D681800B6B843 /* AppDelegate.m */ = {isa = PBXFileReference; lastKnownFileType = sourcecode.c.objc; path = AppDelegate.m; sourceTree = "<group>"; };
		593799EF1B3D681800B6B843 /* main.m */ = {isa = PBXFileReference; lastKnownFileType = sourcecode.c.objc; path = main.m; sourceTree = "<group>"; };
		593799F11B3D681800B6B843 /* ViewController.h */ = {isa = PBXFileReference; lastKnownFileType = sourcecode.c.h; path = ViewController.h; sourceTree = "<group>"; };
		593799F21B3D681800B6B843 /* ViewController.m */ = {isa = PBXFileReference; lastKnownFileType = sourcecode.c.objc; path = ViewController.m; sourceTree = "<group>"; };
		593799F41B3D681800B6B843 /* Images.xcassets */ = {isa = PBXFileReference; lastKnownFileType = folder.assetcatalog; path = Images.xcassets; sourceTree = "<group>"; };
		593799F71B3D681800B6B843 /* Base */ = {isa = PBXFileReference; lastKnownFileType = file.storyboard; name = Base; path = Base.lproj/Main.storyboard; sourceTree = "<group>"; };
		593799FD1B3D681800B6B843 /* TV ShowsTests.xctest */ = {isa = PBXFileReference; explicitFileType = wrapper.cfbundle; includeInIndex = 0; path = "TV ShowsTests.xctest"; sourceTree = BUILT_PRODUCTS_DIR; };
		59379A021B3D681800B6B843 /* Info.plist */ = {isa = PBXFileReference; lastKnownFileType = text.plist.xml; path = Info.plist; sourceTree = "<group>"; };
		59379A031B3D681800B6B843 /* TV_ShowsTests.m */ = {isa = PBXFileReference; lastKnownFileType = sourcecode.c.objc; path = TV_ShowsTests.m; sourceTree = "<group>"; };
		59379A0D1B3D68A300B6B843 /* TVShow.h */ = {isa = PBXFileReference; fileEncoding = 4; lastKnownFileType = sourcecode.c.h; path = TVShow.h; sourceTree = "<group>"; };
		59379A0E1B3D68A300B6B843 /* TVShow.m */ = {isa = PBXFileReference; fileEncoding = 4; lastKnownFileType = sourcecode.c.objc; path = TVShow.m; sourceTree = "<group>"; };
		59379A101B3D6A1100B6B843 /* DetailTableCellView.h */ = {isa = PBXFileReference; fileEncoding = 4; lastKnownFileType = sourcecode.c.h; path = DetailTableCellView.h; sourceTree = "<group>"; };
		59379A111B3D6A1100B6B843 /* DetailTableCellView.m */ = {isa = PBXFileReference; fileEncoding = 4; lastKnownFileType = sourcecode.c.objc; path = DetailTableCellView.m; sourceTree = "<group>"; };
		59379A121B3D6A1100B6B843 /* NameTableCellView.h */ = {isa = PBXFileReference; fileEncoding = 4; lastKnownFileType = sourcecode.c.h; path = NameTableCellView.h; sourceTree = "<group>"; };
		59379A131B3D6A1100B6B843 /* NameTableCellView.m */ = {isa = PBXFileReference; fileEncoding = 4; lastKnownFileType = sourcecode.c.objc; path = NameTableCellView.m; sourceTree = "<group>"; };
		59379A171B3D6D3400B6B843 /* TVShows.dat */ = {isa = PBXFileReference; fileEncoding = 4; lastKnownFileType = text; path = TVShows.dat; sourceTree = "<group>"; };
		59379A1C1B3D7D7700B6B843 /* icon.png */ = {isa = PBXFileReference; lastKnownFileType = image.png; path = icon.png; sourceTree = "<group>"; };
		59379A1E1B3D7E7A00B6B843 /* HelpViewController.h */ = {isa = PBXFileReference; fileEncoding = 4; lastKnownFileType = sourcecode.c.h; path = HelpViewController.h; sourceTree = "<group>"; };
		59379A1F1B3D7E7A00B6B843 /* HelpViewController.m */ = {isa = PBXFileReference; fileEncoding = 4; lastKnownFileType = sourcecode.c.objc; path = HelpViewController.m; sourceTree = "<group>"; };
		59379A231B3D830800B6B843 /* AddViewController.h */ = {isa = PBXFileReference; fileEncoding = 4; lastKnownFileType = sourcecode.c.h; path = AddViewController.h; sourceTree = "<group>"; };
		59379A241B3D830800B6B843 /* AddViewController.m */ = {isa = PBXFileReference; fileEncoding = 4; lastKnownFileType = sourcecode.c.objc; path = AddViewController.m; sourceTree = "<group>"; };
		59379A281B3D9DD700B6B843 /* EditorViewController.h */ = {isa = PBXFileReference; fileEncoding = 4; lastKnownFileType = sourcecode.c.h; path = EditorViewController.h; sourceTree = "<group>"; };
		59379A291B3D9DD700B6B843 /* EditorViewController.m */ = {isa = PBXFileReference; fileEncoding = 4; lastKnownFileType = sourcecode.c.objc; path = EditorViewController.m; sourceTree = "<group>"; };
		59379A2B1B3DB3E200B6B843 /* SortViewController.h */ = {isa = PBXFileReference; fileEncoding = 4; lastKnownFileType = sourcecode.c.h; path = SortViewController.h; sourceTree = "<group>"; };
		59379A2C1B3DB3E200B6B843 /* SortViewController.m */ = {isa = PBXFileReference; fileEncoding = 4; lastKnownFileType = sourcecode.c.objc; path = SortViewController.m; sourceTree = "<group>"; };
		59379A341B3DBE9C00B6B843 /* Item.h */ = {isa = PBXFileReference; fileEncoding = 4; lastKnownFileType = sourcecode.c.h; path = Item.h; sourceTree = "<group>"; };
		59379A351B3DBE9C00B6B843 /* Item.m */ = {isa = PBXFileReference; fileEncoding = 4; lastKnownFileType = sourcecode.c.objc; path = Item.m; sourceTree = "<group>"; };
		59379A371B3DBF6200B6B843 /* info.jpg */ = {isa = PBXFileReference; lastKnownFileType = image.jpeg; path = info.jpg; sourceTree = "<group>"; };
		59379A391B3DBFAF00B6B843 /* GeneratorViewController.h */ = {isa = PBXFileReference; fileEncoding = 4; lastKnownFileType = sourcecode.c.h; path = GeneratorViewController.h; sourceTree = "<group>"; };
		59379A3A1B3DBFAF00B6B843 /* GeneratorViewController.m */ = {isa = PBXFileReference; fileEncoding = 4; lastKnownFileType = sourcecode.c.objc; path = GeneratorViewController.m; sourceTree = "<group>"; };
		5940FA131B5FCA0B00C09C1F /* TV Shows Info.appex */ = {isa = PBXFileReference; explicitFileType = "wrapper.app-extension"; includeInIndex = 0; path = "TV Shows Info.appex"; sourceTree = BUILT_PRODUCTS_DIR; };
		5940FA171B5FCA0B00C09C1F /* Info.plist */ = {isa = PBXFileReference; lastKnownFileType = text.plist.xml; path = Info.plist; sourceTree = "<group>"; };
		5940FA181B5FCA0B00C09C1F /* TV_Shows_Info.entitlements */ = {isa = PBXFileReference; lastKnownFileType = text.xml; path = TV_Shows_Info.entitlements; sourceTree = "<group>"; };
		5940FA1A1B5FCA0B00C09C1F /* en */ = {isa = PBXFileReference; lastKnownFileType = text.plist.strings; name = en; path = en.lproj/InfoPlist.strings; sourceTree = "<group>"; };
		5940FA1C1B5FCA0B00C09C1F /* TodayViewController.h */ = {isa = PBXFileReference; lastKnownFileType = sourcecode.c.h; path = TodayViewController.h; sourceTree = "<group>"; };
		5940FA1D1B5FCA0B00C09C1F /* TodayViewController.m */ = {isa = PBXFileReference; lastKnownFileType = sourcecode.c.objc; path = TodayViewController.m; sourceTree = "<group>"; };
		5940FA1F1B5FCA0B00C09C1F /* TodayViewController.xib */ = {isa = PBXFileReference; lastKnownFileType = file.xib; path = TodayViewController.xib; sourceTree = "<group>"; };
		5940FA271B5FCAA200C09C1F /* icon.png */ = {isa = PBXFileReference; lastKnownFileType = image.png; path = icon.png; sourceTree = "<group>"; };
		5940FA291B5FDDB000C09C1F /* TVShow.h */ = {isa = PBXFileReference; fileEncoding = 4; lastKnownFileType = sourcecode.c.h; path = TVShow.h; sourceTree = "<group>"; };
		5940FA2A1B5FDDB000C09C1F /* TVShow.m */ = {isa = PBXFileReference; fileEncoding = 4; lastKnownFileType = sourcecode.c.objc; path = TVShow.m; sourceTree = "<group>"; };
		594A1B0C1B628129003F5CD2 /* GRSeparatorLineView.h */ = {isa = PBXFileReference; fileEncoding = 4; lastKnownFileType = sourcecode.c.h; path = GRSeparatorLineView.h; sourceTree = "<group>"; };
		594A1B0D1B628129003F5CD2 /* GRSeparatorLineView.m */ = {isa = PBXFileReference; fileEncoding = 4; lastKnownFileType = sourcecode.c.objc; path = GRSeparatorLineView.m; sourceTree = "<group>"; };
		594A1B0E1B628129003F5CD2 /* GRVibrantTitlebarView.h */ = {isa = PBXFileReference; fileEncoding = 4; lastKnownFileType = sourcecode.c.h; path = GRVibrantTitlebarView.h; sourceTree = "<group>"; };
		594A1B0F1B628129003F5CD2 /* GRVibrantTitlebarView.m */ = {isa = PBXFileReference; fileEncoding = 4; lastKnownFileType = sourcecode.c.objc; path = GRVibrantTitlebarView.m; sourceTree = "<group>"; };
		594A1B101B628129003F5CD2 /* GRVibrantTitlebarWindow.h */ = {isa = PBXFileReference; fileEncoding = 4; lastKnownFileType = sourcecode.c.h; path = GRVibrantTitlebarWindow.h; sourceTree = "<group>"; };
		594A1B111B628129003F5CD2 /* GRVibrantTitlebarWindow.m */ = {isa = PBXFileReference; fileEncoding = 4; lastKnownFileType = sourcecode.c.objc; path = GRVibrantTitlebarWindow.m; sourceTree = "<group>"; };
		594A1B121B628129003F5CD2 /* GRVibrantTitleView.h */ = {isa = PBXFileReference; fileEncoding = 4; lastKnownFileType = sourcecode.c.h; path = GRVibrantTitleView.h; sourceTree = "<group>"; };
		594A1B131B628129003F5CD2 /* GRVibrantTitleView.m */ = {isa = PBXFileReference; fileEncoding = 4; lastKnownFileType = sourcecode.c.objc; path = GRVibrantTitleView.m; sourceTree = "<group>"; };
		5955F05D1B53896200FA288B /* Today's Shows.appex */ = {isa = PBXFileReference; explicitFileType = "wrapper.app-extension"; includeInIndex = 0; path = "Today's Shows.appex"; sourceTree = BUILT_PRODUCTS_DIR; };
		5955F05F1B53896200FA288B /* NotificationCenter.framework */ = {isa = PBXFileReference; lastKnownFileType = wrapper.framework; name = NotificationCenter.framework; path = System/Library/Frameworks/NotificationCenter.framework; sourceTree = SDKROOT; };
		5955F0631B53896200FA288B /* Info.plist */ = {isa = PBXFileReference; lastKnownFileType = text.plist.xml; path = Info.plist; sourceTree = "<group>"; };
		5955F0641B53896200FA288B /* Today_s_Shows.entitlements */ = {isa = PBXFileReference; lastKnownFileType = text.xml; path = Today_s_Shows.entitlements; sourceTree = "<group>"; };
		5955F0661B53896200FA288B /* en */ = {isa = PBXFileReference; lastKnownFileType = text.plist.strings; name = en; path = en.lproj/InfoPlist.strings; sourceTree = "<group>"; };
		5955F0681B53896200FA288B /* TodayViewController.h */ = {isa = PBXFileReference; lastKnownFileType = sourcecode.c.h; path = TodayViewController.h; sourceTree = "<group>"; };
		5955F0691B53896200FA288B /* TodayViewController.m */ = {isa = PBXFileReference; lastKnownFileType = sourcecode.c.objc; path = TodayViewController.m; sourceTree = "<group>"; };
		5955F06B1B53896200FA288B /* ListRowViewController.h */ = {isa = PBXFileReference; lastKnownFileType = sourcecode.c.h; path = ListRowViewController.h; sourceTree = "<group>"; };
		5955F06C1B53896200FA288B /* ListRowViewController.m */ = {isa = PBXFileReference; lastKnownFileType = sourcecode.c.objc; path = ListRowViewController.m; sourceTree = "<group>"; };
		5955F06E1B53896200FA288B /* TodayViewController.xib */ = {isa = PBXFileReference; lastKnownFileType = file.xib; path = TodayViewController.xib; sourceTree = "<group>"; };
		5955F0701B53896200FA288B /* ListRowViewController.xib */ = {isa = PBXFileReference; lastKnownFileType = file.xib; path = ListRowViewController.xib; sourceTree = "<group>"; };
		5955F07D1B5389A400FA288B /* TVShow.h */ = {isa = PBXFileReference; fileEncoding = 4; lastKnownFileType = sourcecode.c.h; path = TVShow.h; sourceTree = "<group>"; };
		5955F07E1B5389A400FA288B /* TVShow.m */ = {isa = PBXFileReference; fileEncoding = 4; lastKnownFileType = sourcecode.c.objc; path = TVShow.m; sourceTree = "<group>"; };
		5955F0801B538E0300FA288B /* TV Shows.entitlements */ = {isa = PBXFileReference; lastKnownFileType = text.xml; path = "TV Shows.entitlements"; sourceTree = "<group>"; };
		596397701B5A830500B2286F /* GRPushSegue.h */ = {isa = PBXFileReference; fileEncoding = 4; lastKnownFileType = sourcecode.c.h; path = GRPushSegue.h; sourceTree = "<group>"; };
		596397711B5A830500B2286F /* GRPushSegue.m */ = {isa = PBXFileReference; fileEncoding = 4; lastKnownFileType = sourcecode.c.objc; path = GRPushSegue.m; sourceTree = "<group>"; };
		5970FD4B1B48447D00770657 /* NSImage+Blur.h */ = {isa = PBXFileReference; fileEncoding = 4; lastKnownFileType = sourcecode.c.h; path = "NSImage+Blur.h"; sourceTree = "<group>"; };
		5970FD4C1B48447D00770657 /* NSImage+Blur.m */ = {isa = PBXFileReference; fileEncoding = 4; lastKnownFileType = sourcecode.c.objc; path = "NSImage+Blur.m"; sourceTree = "<group>"; };
		598774CE1B53B53C002AE8E0 /* CURRENTLY_FOLLOWING.png */ = {isa = PBXFileReference; lastKnownFileType = image.png; path = CURRENTLY_FOLLOWING.png; sourceTree = "<group>"; };
		59EAE0FB1B614046002812FB /* libz.dylib */ = {isa = PBXFileReference; lastKnownFileType = "compiled.mach-o.dylib"; name = libz.dylib; path = usr/lib/libz.dylib; sourceTree = SDKROOT; };
		59EAE0FD1B6143EA002812FB /* CFNetwork.framework */ = {isa = PBXFileReference; lastKnownFileType = wrapper.framework; name = CFNetwork.framework; path = System/Library/Frameworks/CFNetwork.framework; sourceTree = SDKROOT; };
		59EAE1001B614464002812FB /* BRGlobal.h */ = {isa = PBXFileReference; fileEncoding = 4; lastKnownFileType = sourcecode.c.h; path = BRGlobal.h; sourceTree = "<group>"; };
		59EAE1011B614464002812FB /* BRRequest+_UserData.h */ = {isa = PBXFileReference; fileEncoding = 4; lastKnownFileType = sourcecode.c.h; path = "BRRequest+_UserData.h"; sourceTree = "<group>"; };
		59EAE1021B614464002812FB /* BRRequest+_UserData.m */ = {isa = PBXFileReference; fileEncoding = 4; lastKnownFileType = sourcecode.c.objc; path = "BRRequest+_UserData.m"; sourceTree = "<group>"; };
		59EAE1031B614464002812FB /* BRRequest.h */ = {isa = PBXFileReference; fileEncoding = 4; lastKnownFileType = sourcecode.c.h; path = BRRequest.h; sourceTree = "<group>"; };
		59EAE1041B614464002812FB /* BRRequest.m */ = {isa = PBXFileReference; fileEncoding = 4; lastKnownFileType = sourcecode.c.objc; path = BRRequest.m; sourceTree = "<group>"; };
		59EAE1051B614464002812FB /* BRRequestCreateDirectory.h */ = {isa = PBXFileReference; fileEncoding = 4; lastKnownFileType = sourcecode.c.h; path = BRRequestCreateDirectory.h; sourceTree = "<group>"; };
		59EAE1061B614464002812FB /* BRRequestCreateDirectory.m */ = {isa = PBXFileReference; fileEncoding = 4; lastKnownFileType = sourcecode.c.objc; path = BRRequestCreateDirectory.m; sourceTree = "<group>"; };
		59EAE1071B614464002812FB /* BRRequestDelete.h */ = {isa = PBXFileReference; fileEncoding = 4; lastKnownFileType = sourcecode.c.h; path = BRRequestDelete.h; sourceTree = "<group>"; };
		59EAE1081B614464002812FB /* BRRequestDelete.m */ = {isa = PBXFileReference; fileEncoding = 4; lastKnownFileType = sourcecode.c.objc; path = BRRequestDelete.m; sourceTree = "<group>"; };
		59EAE1091B614464002812FB /* BRRequestDownload.h */ = {isa = PBXFileReference; fileEncoding = 4; lastKnownFileType = sourcecode.c.h; path = BRRequestDownload.h; sourceTree = "<group>"; };
		59EAE10A1B614464002812FB /* BRRequestDownload.m */ = {isa = PBXFileReference; fileEncoding = 4; lastKnownFileType = sourcecode.c.objc; path = BRRequestDownload.m; sourceTree = "<group>"; };
		59EAE10B1B614464002812FB /* BRRequestError.h */ = {isa = PBXFileReference; fileEncoding = 4; lastKnownFileType = sourcecode.c.h; path = BRRequestError.h; sourceTree = "<group>"; };
		59EAE10C1B614464002812FB /* BRRequestError.m */ = {isa = PBXFileReference; fileEncoding = 4; lastKnownFileType = sourcecode.c.objc; path = BRRequestError.m; sourceTree = "<group>"; };
		59EAE10D1B614464002812FB /* BRRequestListDirectory.h */ = {isa = PBXFileReference; fileEncoding = 4; lastKnownFileType = sourcecode.c.h; path = BRRequestListDirectory.h; sourceTree = "<group>"; };
		59EAE10E1B614464002812FB /* BRRequestListDirectory.m */ = {isa = PBXFileReference; fileEncoding = 4; lastKnownFileType = sourcecode.c.objc; path = BRRequestListDirectory.m; sourceTree = "<group>"; };
		59EAE10F1B614464002812FB /* BRRequestQueue.h */ = {isa = PBXFileReference; fileEncoding = 4; lastKnownFileType = sourcecode.c.h; path = BRRequestQueue.h; sourceTree = "<group>"; };
		59EAE1101B614464002812FB /* BRRequestQueue.m */ = {isa = PBXFileReference; fileEncoding = 4; lastKnownFileType = sourcecode.c.objc; path = BRRequestQueue.m; sourceTree = "<group>"; };
		59EAE1111B614464002812FB /* BRRequestUpload.h */ = {isa = PBXFileReference; fileEncoding = 4; lastKnownFileType = sourcecode.c.h; path = BRRequestUpload.h; sourceTree = "<group>"; };
		59EAE1121B614464002812FB /* BRRequestUpload.m */ = {isa = PBXFileReference; fileEncoding = 4; lastKnownFileType = sourcecode.c.objc; path = BRRequestUpload.m; sourceTree = "<group>"; };
		59EAE1131B614464002812FB /* BRStreamInfo.h */ = {isa = PBXFileReference; fileEncoding = 4; lastKnownFileType = sourcecode.c.h; path = BRStreamInfo.h; sourceTree = "<group>"; };
		59EAE1141B614464002812FB /* BRStreamInfo.m */ = {isa = PBXFileReference; fileEncoding = 4; lastKnownFileType = sourcecode.c.objc; path = BRStreamInfo.m; sourceTree = "<group>"; };
		59EAE1231B614484002812FB /* crypt.h */ = {isa = PBXFileReference; fileEncoding = 4; lastKnownFileType = sourcecode.c.h; path = crypt.h; sourceTree = "<group>"; };
		59EAE1241B614484002812FB /* ioapi.c */ = {isa = PBXFileReference; fileEncoding = 4; lastKnownFileType = sourcecode.c.c; path = ioapi.c; sourceTree = "<group>"; };
		59EAE1251B614484002812FB /* ioapi.h */ = {isa = PBXFileReference; fileEncoding = 4; lastKnownFileType = sourcecode.c.h; path = ioapi.h; sourceTree = "<group>"; };
		59EAE1261B614484002812FB /* mztools.c */ = {isa = PBXFileReference; fileEncoding = 4; lastKnownFileType = sourcecode.c.c; path = mztools.c; sourceTree = "<group>"; };
		59EAE1271B614484002812FB /* mztools.h */ = {isa = PBXFileReference; fileEncoding = 4; lastKnownFileType = sourcecode.c.h; path = mztools.h; sourceTree = "<group>"; };
		59EAE1281B614484002812FB /* unzip.c */ = {isa = PBXFileReference; fileEncoding = 4; lastKnownFileType = sourcecode.c.c; path = unzip.c; sourceTree = "<group>"; };
		59EAE1291B614484002812FB /* unzip.h */ = {isa = PBXFileReference; fileEncoding = 4; lastKnownFileType = sourcecode.c.h; path = unzip.h; sourceTree = "<group>"; };
		59EAE12A1B614484002812FB /* zip.c */ = {isa = PBXFileReference; fileEncoding = 4; lastKnownFileType = sourcecode.c.c; path = zip.c; sourceTree = "<group>"; };
		59EAE12B1B614484002812FB /* zip.h */ = {isa = PBXFileReference; fileEncoding = 4; lastKnownFileType = sourcecode.c.h; path = zip.h; sourceTree = "<group>"; };
		59EAE12C1B614484002812FB /* SSZipArchive.h */ = {isa = PBXFileReference; fileEncoding = 4; lastKnownFileType = sourcecode.c.h; path = SSZipArchive.h; sourceTree = "<group>"; };
		59EAE12D1B614484002812FB /* SSZipArchive.m */ = {isa = PBXFileReference; fileEncoding = 4; lastKnownFileType = sourcecode.c.objc; path = SSZipArchive.m; sourceTree = "<group>"; };
/* End PBXFileReference section */

/* Begin PBXFrameworksBuildPhase section */
		593799E41B3D681800B6B843 /* Frameworks */ = {
			isa = PBXFrameworksBuildPhase;
			buildActionMask = 2147483647;
			files = (
				59EAE0FE1B6143EA002812FB /* CFNetwork.framework in Frameworks */,
				59EAE0FC1B614046002812FB /* libz.dylib in Frameworks */,
			);
			runOnlyForDeploymentPostprocessing = 0;
		};
		593799FA1B3D681800B6B843 /* Frameworks */ = {
			isa = PBXFrameworksBuildPhase;
			buildActionMask = 2147483647;
			files = (
			);
			runOnlyForDeploymentPostprocessing = 0;
		};
		5940FA101B5FCA0B00C09C1F /* Frameworks */ = {
			isa = PBXFrameworksBuildPhase;
			buildActionMask = 2147483647;
			files = (
				5940FA141B5FCA0B00C09C1F /* NotificationCenter.framework in Frameworks */,
			);
			runOnlyForDeploymentPostprocessing = 0;
		};
		5955F05A1B53896200FA288B /* Frameworks */ = {
			isa = PBXFrameworksBuildPhase;
			buildActionMask = 2147483647;
			files = (
				5955F0601B53896200FA288B /* NotificationCenter.framework in Frameworks */,
			);
			runOnlyForDeploymentPostprocessing = 0;
		};
/* End PBXFrameworksBuildPhase section */

/* Begin PBXGroup section */
		593799DE1B3D681800B6B843 = {
			isa = PBXGroup;
			children = (
				593799E91B3D681800B6B843 /* TV Shows */,
				59379A001B3D681800B6B843 /* TV ShowsTests */,
				5955F0611B53896200FA288B /* Today's Shows */,
				5940FA151B5FCA0B00C09C1F /* TV Shows Info */,
				5955F05E1B53896200FA288B /* Frameworks */,
				593799E81B3D681800B6B843 /* Products */,
			);
			sourceTree = "<group>";
		};
		593799E81B3D681800B6B843 /* Products */ = {
			isa = PBXGroup;
			children = (
				593799E71B3D681800B6B843 /* TV Shows.app */,
				593799FD1B3D681800B6B843 /* TV ShowsTests.xctest */,
				5955F05D1B53896200FA288B /* Today's Shows.appex */,
				5940FA131B5FCA0B00C09C1F /* TV Shows Info.appex */,
			);
			name = Products;
			sourceTree = "<group>";
		};
		593799E91B3D681800B6B843 /* TV Shows */ = {
			isa = PBXGroup;
			children = (
				5955F0801B538E0300FA288B /* TV Shows.entitlements */,
				593799EC1B3D681800B6B843 /* AppDelegate.h */,
				593799ED1B3D681800B6B843 /* AppDelegate.m */,
				59379A191B3D723100B6B843 /* Model */,
				59379A1B1B3D724800B6B843 /* Controller */,
				59379A1A1B3D723B00B6B843 /* View */,
				5963976F1B5A830500B2286F /* GRPushSegue */,
				59EAE11F1B614484002812FB /* SSZip */,
				59EAE0FF1B614464002812FB /* BlackRaccoon */,
				594A1B0B1B628129003F5CD2 /* GRVibrantTitlebarWindow */,
				59379A161B3D6A1A00B6B843 /* TableCellViews */,
				593799F41B3D681800B6B843 /* Images.xcassets */,
				593799EA1B3D681800B6B843 /* Supporting Files */,
			);
			path = "TV Shows";
			sourceTree = "<group>";
		};
		593799EA1B3D681800B6B843 /* Supporting Files */ = {
			isa = PBXGroup;
			children = (
				5970FD4B1B48447D00770657 /* NSImage+Blur.h */,
				5970FD4C1B48447D00770657 /* NSImage+Blur.m */,
				59379A1C1B3D7D7700B6B843 /* icon.png */,
				59379A371B3DBF6200B6B843 /* info.jpg */,
				59379A171B3D6D3400B6B843 /* TVShows.dat */,
				593799EB1B3D681800B6B843 /* Info.plist */,
				593799EF1B3D681800B6B843 /* main.m */,
			);
			name = "Supporting Files";
			sourceTree = "<group>";
		};
		59379A001B3D681800B6B843 /* TV ShowsTests */ = {
			isa = PBXGroup;
			children = (
				59379A031B3D681800B6B843 /* TV_ShowsTests.m */,
				59379A011B3D681800B6B843 /* Supporting Files */,
			);
			path = "TV ShowsTests";
			sourceTree = "<group>";
		};
		59379A011B3D681800B6B843 /* Supporting Files */ = {
			isa = PBXGroup;
			children = (
				59379A021B3D681800B6B843 /* Info.plist */,
			);
			name = "Supporting Files";
			sourceTree = "<group>";
		};
		59379A161B3D6A1A00B6B843 /* TableCellViews */ = {
			isa = PBXGroup;
			children = (
				59379A101B3D6A1100B6B843 /* DetailTableCellView.h */,
				59379A111B3D6A1100B6B843 /* DetailTableCellView.m */,
				59379A121B3D6A1100B6B843 /* NameTableCellView.h */,
				59379A131B3D6A1100B6B843 /* NameTableCellView.m */,
			);
			name = TableCellViews;
			sourceTree = "<group>";
		};
		59379A191B3D723100B6B843 /* Model */ = {
			isa = PBXGroup;
			children = (
				59379A0D1B3D68A300B6B843 /* TVShow.h */,
				59379A0E1B3D68A300B6B843 /* TVShow.m */,
				59379A341B3DBE9C00B6B843 /* Item.h */,
				59379A351B3DBE9C00B6B843 /* Item.m */,
			);
			name = Model;
			sourceTree = "<group>";
		};
		59379A1A1B3D723B00B6B843 /* View */ = {
			isa = PBXGroup;
			children = (
				593799F61B3D681800B6B843 /* Main.storyboard */,
			);
			name = View;
			sourceTree = "<group>";
		};
		59379A1B1B3D724800B6B843 /* Controller */ = {
			isa = PBXGroup;
			children = (
				593799F11B3D681800B6B843 /* ViewController.h */,
				593799F21B3D681800B6B843 /* ViewController.m */,
				59379A331B3DB76D00B6B843 /* Editor */,
				59379A321B3DB76400B6B843 /* Add */,
				59379A311B3DB75E00B6B843 /* Sort */,
				59379A301B3DB75700B6B843 /* Help */,
				59379A3C1B3DBFB900B6B843 /* Generator */,
			);
			name = Controller;
			sourceTree = "<group>";
		};
		59379A301B3DB75700B6B843 /* Help */ = {
			isa = PBXGroup;
			children = (
				59379A1E1B3D7E7A00B6B843 /* HelpViewController.h */,
				59379A1F1B3D7E7A00B6B843 /* HelpViewController.m */,
			);
			name = Help;
			sourceTree = "<group>";
		};
		59379A311B3DB75E00B6B843 /* Sort */ = {
			isa = PBXGroup;
			children = (
				59379A2B1B3DB3E200B6B843 /* SortViewController.h */,
				59379A2C1B3DB3E200B6B843 /* SortViewController.m */,
			);
			name = Sort;
			sourceTree = "<group>";
		};
		59379A321B3DB76400B6B843 /* Add */ = {
			isa = PBXGroup;
			children = (
				59379A231B3D830800B6B843 /* AddViewController.h */,
				59379A241B3D830800B6B843 /* AddViewController.m */,
			);
			name = Add;
			sourceTree = "<group>";
		};
		59379A331B3DB76D00B6B843 /* Editor */ = {
			isa = PBXGroup;
			children = (
				59379A281B3D9DD700B6B843 /* EditorViewController.h */,
				59379A291B3D9DD700B6B843 /* EditorViewController.m */,
			);
			name = Editor;
			sourceTree = "<group>";
		};
		59379A3C1B3DBFB900B6B843 /* Generator */ = {
			isa = PBXGroup;
			children = (
				59379A391B3DBFAF00B6B843 /* GeneratorViewController.h */,
				59379A3A1B3DBFAF00B6B843 /* GeneratorViewController.m */,
			);
			name = Generator;
			sourceTree = "<group>";
		};
		5940FA151B5FCA0B00C09C1F /* TV Shows Info */ = {
			isa = PBXGroup;
			children = (
				5940FA1C1B5FCA0B00C09C1F /* TodayViewController.h */,
				5940FA1D1B5FCA0B00C09C1F /* TodayViewController.m */,
				5940FA291B5FDDB000C09C1F /* TVShow.h */,
				5940FA2A1B5FDDB000C09C1F /* TVShow.m */,
				5940FA1F1B5FCA0B00C09C1F /* TodayViewController.xib */,
				5940FA271B5FCAA200C09C1F /* icon.png */,
				5940FA161B5FCA0B00C09C1F /* Supporting Files */,
			);
			path = "TV Shows Info";
			sourceTree = "<group>";
		};
		5940FA161B5FCA0B00C09C1F /* Supporting Files */ = {
			isa = PBXGroup;
			children = (
				5940FA171B5FCA0B00C09C1F /* Info.plist */,
				5940FA181B5FCA0B00C09C1F /* TV_Shows_Info.entitlements */,
				5940FA191B5FCA0B00C09C1F /* InfoPlist.strings */,
			);
			name = "Supporting Files";
			sourceTree = "<group>";
		};
		594A1B0B1B628129003F5CD2 /* GRVibrantTitlebarWindow */ = {
			isa = PBXGroup;
			children = (
				594A1B0C1B628129003F5CD2 /* GRSeparatorLineView.h */,
				594A1B0D1B628129003F5CD2 /* GRSeparatorLineView.m */,
				594A1B0E1B628129003F5CD2 /* GRVibrantTitlebarView.h */,
				594A1B0F1B628129003F5CD2 /* GRVibrantTitlebarView.m */,
				594A1B101B628129003F5CD2 /* GRVibrantTitlebarWindow.h */,
				594A1B111B628129003F5CD2 /* GRVibrantTitlebarWindow.m */,
				594A1B121B628129003F5CD2 /* GRVibrantTitleView.h */,
				594A1B131B628129003F5CD2 /* GRVibrantTitleView.m */,
			);
			path = GRVibrantTitlebarWindow;
			sourceTree = "<group>";
		};
		5955F05E1B53896200FA288B /* Frameworks */ = {
			isa = PBXGroup;
			children = (
				59EAE0FD1B6143EA002812FB /* CFNetwork.framework */,
				59EAE0FB1B614046002812FB /* libz.dylib */,
				5955F05F1B53896200FA288B /* NotificationCenter.framework */,
			);
			name = Frameworks;
			sourceTree = "<group>";
		};
		5955F0611B53896200FA288B /* Today's Shows */ = {
			isa = PBXGroup;
			children = (
				5955F0681B53896200FA288B /* TodayViewController.h */,
				5955F0691B53896200FA288B /* TodayViewController.m */,
				5955F06B1B53896200FA288B /* ListRowViewController.h */,
				5955F06C1B53896200FA288B /* ListRowViewController.m */,
				5955F07D1B5389A400FA288B /* TVShow.h */,
				5955F07E1B5389A400FA288B /* TVShow.m */,
				5955F06E1B53896200FA288B /* TodayViewController.xib */,
				5955F0701B53896200FA288B /* ListRowViewController.xib */,
				5955F0621B53896200FA288B /* Supporting Files */,
			);
			path = "Today's Shows";
			sourceTree = "<group>";
		};
		5955F0621B53896200FA288B /* Supporting Files */ = {
			isa = PBXGroup;
			children = (
				598774CE1B53B53C002AE8E0 /* CURRENTLY_FOLLOWING.png */,
				5955F0631B53896200FA288B /* Info.plist */,
				5955F0641B53896200FA288B /* Today_s_Shows.entitlements */,
				5955F0651B53896200FA288B /* InfoPlist.strings */,
			);
			name = "Supporting Files";
			sourceTree = "<group>";
		};
		5963976F1B5A830500B2286F /* GRPushSegue */ = {
			isa = PBXGroup;
			children = (
				596397701B5A830500B2286F /* GRPushSegue.h */,
				596397711B5A830500B2286F /* GRPushSegue.m */,
			);
			path = GRPushSegue;
			sourceTree = "<group>";
		};
		59EAE0FF1B614464002812FB /* BlackRaccoon */ = {
			isa = PBXGroup;
			children = (
				59EAE1001B614464002812FB /* BRGlobal.h */,
				59EAE1011B614464002812FB /* BRRequest+_UserData.h */,
				59EAE1021B614464002812FB /* BRRequest+_UserData.m */,
				59EAE1031B614464002812FB /* BRRequest.h */,
				59EAE1041B614464002812FB /* BRRequest.m */,
				59EAE1051B614464002812FB /* BRRequestCreateDirectory.h */,
				59EAE1061B614464002812FB /* BRRequestCreateDirectory.m */,
				59EAE1071B614464002812FB /* BRRequestDelete.h */,
				59EAE1081B614464002812FB /* BRRequestDelete.m */,
				59EAE1091B614464002812FB /* BRRequestDownload.h */,
				59EAE10A1B614464002812FB /* BRRequestDownload.m */,
				59EAE10B1B614464002812FB /* BRRequestError.h */,
				59EAE10C1B614464002812FB /* BRRequestError.m */,
				59EAE10D1B614464002812FB /* BRRequestListDirectory.h */,
				59EAE10E1B614464002812FB /* BRRequestListDirectory.m */,
				59EAE10F1B614464002812FB /* BRRequestQueue.h */,
				59EAE1101B614464002812FB /* BRRequestQueue.m */,
				59EAE1111B614464002812FB /* BRRequestUpload.h */,
				59EAE1121B614464002812FB /* BRRequestUpload.m */,
				59EAE1131B614464002812FB /* BRStreamInfo.h */,
				59EAE1141B614464002812FB /* BRStreamInfo.m */,
			);
			path = BlackRaccoon;
			sourceTree = "<group>";
		};
		59EAE11F1B614484002812FB /* SSZip */ = {
			isa = PBXGroup;
			children = (
				59EAE1221B614484002812FB /* minizip */,
				59EAE12C1B614484002812FB /* SSZipArchive.h */,
				59EAE12D1B614484002812FB /* SSZipArchive.m */,
			);
			path = SSZip;
			sourceTree = "<group>";
		};
		59EAE1221B614484002812FB /* minizip */ = {
			isa = PBXGroup;
			children = (
				59EAE1231B614484002812FB /* crypt.h */,
				59EAE1241B614484002812FB /* ioapi.c */,
				59EAE1251B614484002812FB /* ioapi.h */,
				59EAE1261B614484002812FB /* mztools.c */,
				59EAE1271B614484002812FB /* mztools.h */,
				59EAE1281B614484002812FB /* unzip.c */,
				59EAE1291B614484002812FB /* unzip.h */,
				59EAE12A1B614484002812FB /* zip.c */,
				59EAE12B1B614484002812FB /* zip.h */,
			);
			path = minizip;
			sourceTree = "<group>";
		};
/* End PBXGroup section */

/* Begin PBXNativeTarget section */
		593799E61B3D681800B6B843 /* TV Shows */ = {
			isa = PBXNativeTarget;
			buildConfigurationList = 59379A071B3D681800B6B843 /* Build configuration list for PBXNativeTarget "TV Shows" */;
			buildPhases = (
				593799E31B3D681800B6B843 /* Sources */,
				593799E41B3D681800B6B843 /* Frameworks */,
				593799E51B3D681800B6B843 /* Resources */,
				5955F0781B53896200FA288B /* Embed App Extensions */,
			);
			buildRules = (
			);
			dependencies = (
				5955F0731B53896200FA288B /* PBXTargetDependency */,
				5940FA221B5FCA0B00C09C1F /* PBXTargetDependency */,
			);
			name = "TV Shows";
			productName = "TV Shows";
			productReference = 593799E71B3D681800B6B843 /* TV Shows.app */;
			productType = "com.apple.product-type.application";
		};
		593799FC1B3D681800B6B843 /* TV ShowsTests */ = {
			isa = PBXNativeTarget;
			buildConfigurationList = 59379A0A1B3D681800B6B843 /* Build configuration list for PBXNativeTarget "TV ShowsTests" */;
			buildPhases = (
				593799F91B3D681800B6B843 /* Sources */,
				593799FA1B3D681800B6B843 /* Frameworks */,
				593799FB1B3D681800B6B843 /* Resources */,
			);
			buildRules = (
			);
			dependencies = (
				593799FF1B3D681800B6B843 /* PBXTargetDependency */,
			);
			name = "TV ShowsTests";
			productName = "TV ShowsTests";
			productReference = 593799FD1B3D681800B6B843 /* TV ShowsTests.xctest */;
			productType = "com.apple.product-type.bundle.unit-test";
		};
		5940FA121B5FCA0B00C09C1F /* TV Shows Info */ = {
			isa = PBXNativeTarget;
			buildConfigurationList = 5940FA261B5FCA0B00C09C1F /* Build configuration list for PBXNativeTarget "TV Shows Info" */;
			buildPhases = (
				5940FA0F1B5FCA0B00C09C1F /* Sources */,
				5940FA101B5FCA0B00C09C1F /* Frameworks */,
				5940FA111B5FCA0B00C09C1F /* Resources */,
			);
			buildRules = (
			);
			dependencies = (
			);
			name = "TV Shows Info";
			productName = "TV Shows Info";
			productReference = 5940FA131B5FCA0B00C09C1F /* TV Shows Info.appex */;
			productType = "com.apple.product-type.app-extension";
		};
		5955F05C1B53896200FA288B /* Today's Shows */ = {
			isa = PBXNativeTarget;
			buildConfigurationList = 5955F0771B53896200FA288B /* Build configuration list for PBXNativeTarget "Today's Shows" */;
			buildPhases = (
				5955F0591B53896200FA288B /* Sources */,
				5955F05A1B53896200FA288B /* Frameworks */,
				5955F05B1B53896200FA288B /* Resources */,
			);
			buildRules = (
			);
			dependencies = (
			);
			name = "Today's Shows";
			productName = "Today's Shows";
			productReference = 5955F05D1B53896200FA288B /* Today's Shows.appex */;
			productType = "com.apple.product-type.app-extension";
		};
/* End PBXNativeTarget section */

/* Begin PBXProject section */
		593799DF1B3D681800B6B843 /* Project object */ = {
			isa = PBXProject;
			attributes = {
				LastUpgradeCheck = 0610;
				ORGANIZATIONNAME = avikantz;
				TargetAttributes = {
					593799E61B3D681800B6B843 = {
						CreatedOnToolsVersion = 6.1.1;
						SystemCapabilities = {
							com.apple.ApplicationGroups.Mac = {
								enabled = 1;
							};
						};
					};
					593799FC1B3D681800B6B843 = {
						CreatedOnToolsVersion = 6.1.1;
						TestTargetID = 593799E61B3D681800B6B843;
					};
					5940FA121B5FCA0B00C09C1F = {
						CreatedOnToolsVersion = 6.1.1;
						SystemCapabilities = {
							com.apple.ApplicationGroups.Mac = {
								enabled = 1;
							};
						};
					};
					5955F05C1B53896200FA288B = {
						CreatedOnToolsVersion = 6.1.1;
						SystemCapabilities = {
							com.apple.ApplicationGroups.Mac = {
								enabled = 1;
							};
						};
					};
				};
			};
			buildConfigurationList = 593799E21B3D681800B6B843 /* Build configuration list for PBXProject "TV Shows" */;
			compatibilityVersion = "Xcode 3.2";
			developmentRegion = English;
			hasScannedForEncodings = 0;
			knownRegions = (
				en,
				Base,
			);
			mainGroup = 593799DE1B3D681800B6B843;
			productRefGroup = 593799E81B3D681800B6B843 /* Products */;
			projectDirPath = "";
			projectRoot = "";
			targets = (
				593799E61B3D681800B6B843 /* TV Shows */,
				593799FC1B3D681800B6B843 /* TV ShowsTests */,
				5955F05C1B53896200FA288B /* Today's Shows */,
				5940FA121B5FCA0B00C09C1F /* TV Shows Info */,
			);
		};
/* End PBXProject section */

/* Begin PBXResourcesBuildPhase section */
		593799E51B3D681800B6B843 /* Resources */ = {
			isa = PBXResourcesBuildPhase;
			buildActionMask = 2147483647;
			files = (
				59379A1D1B3D7D7700B6B843 /* icon.png in Resources */,
				59379A381B3DBF6200B6B843 /* info.jpg in Resources */,
				59379A181B3D6D3400B6B843 /* TVShows.dat in Resources */,
				593799F51B3D681800B6B843 /* Images.xcassets in Resources */,
				593799F81B3D681800B6B843 /* Main.storyboard in Resources */,
			);
			runOnlyForDeploymentPostprocessing = 0;
		};
		593799FB1B3D681800B6B843 /* Resources */ = {
			isa = PBXResourcesBuildPhase;
			buildActionMask = 2147483647;
			files = (
			);
			runOnlyForDeploymentPostprocessing = 0;
		};
		5940FA111B5FCA0B00C09C1F /* Resources */ = {
			isa = PBXResourcesBuildPhase;
			buildActionMask = 2147483647;
			files = (
				5940FA201B5FCA0B00C09C1F /* TodayViewController.xib in Resources */,
				5940FA1B1B5FCA0B00C09C1F /* InfoPlist.strings in Resources */,
				5940FA281B5FCAA200C09C1F /* icon.png in Resources */,
			);
			runOnlyForDeploymentPostprocessing = 0;
		};
		5955F05B1B53896200FA288B /* Resources */ = {
			isa = PBXResourcesBuildPhase;
			buildActionMask = 2147483647;
			files = (
				5955F0711B53896200FA288B /* ListRowViewController.xib in Resources */,
				5955F06F1B53896200FA288B /* TodayViewController.xib in Resources */,
				598774CF1B53B53C002AE8E0 /* CURRENTLY_FOLLOWING.png in Resources */,
				5955F0671B53896200FA288B /* InfoPlist.strings in Resources */,
			);
			runOnlyForDeploymentPostprocessing = 0;
		};
/* End PBXResourcesBuildPhase section */

/* Begin PBXSourcesBuildPhase section */
		593799E31B3D681800B6B843 /* Sources */ = {
			isa = PBXSourcesBuildPhase;
			buildActionMask = 2147483647;
			files = (
				59EAE11E1B614464002812FB /* BRStreamInfo.m in Sources */,
				59379A151B3D6A1100B6B843 /* NameTableCellView.m in Sources */,
				59EAE1301B614484002812FB /* mztools.c in Sources */,
				593799F31B3D681800B6B843 /* ViewController.m in Sources */,
				59379A3B1B3DBFAF00B6B843 /* GeneratorViewController.m in Sources */,
				59EAE11A1B614464002812FB /* BRRequestError.m in Sources */,
				59EAE1181B614464002812FB /* BRRequestDelete.m in Sources */,
				59379A2E1B3DB3E200B6B843 /* SortViewController.m in Sources */,
				593799F01B3D681800B6B843 /* main.m in Sources */,
				59379A141B3D6A1100B6B843 /* DetailTableCellView.m in Sources */,
				59EAE1321B614484002812FB /* zip.c in Sources */,
				59379A211B3D7E7A00B6B843 /* HelpViewController.m in Sources */,
				59EAE11D1B614464002812FB /* BRRequestUpload.m in Sources */,
				59379A0F1B3D68A300B6B843 /* TVShow.m in Sources */,
				59EAE1151B614464002812FB /* BRRequest+_UserData.m in Sources */,
				59379A361B3DBE9C00B6B843 /* Item.m in Sources */,
				59EAE12F1B614484002812FB /* ioapi.c in Sources */,
				59EAE1191B614464002812FB /* BRRequestDownload.m in Sources */,
				59EAE1171B614464002812FB /* BRRequestCreateDirectory.m in Sources */,
				594A1B171B628129003F5CD2 /* GRVibrantTitleView.m in Sources */,
				594A1B151B628129003F5CD2 /* GRVibrantTitlebarView.m in Sources */,
				59EAE11B1B614464002812FB /* BRRequestListDirectory.m in Sources */,
				59EAE1161B614464002812FB /* BRRequest.m in Sources */,
				59379A261B3D830800B6B843 /* AddViewController.m in Sources */,
				59EAE1311B614484002812FB /* unzip.c in Sources */,
				594A1B141B628129003F5CD2 /* GRSeparatorLineView.m in Sources */,
				594A1B161B628129003F5CD2 /* GRVibrantTitlebarWindow.m in Sources */,
				5970FD4D1B48447D00770657 /* NSImage+Blur.m in Sources */,
				59379A2A1B3D9DD700B6B843 /* EditorViewController.m in Sources */,
				59EAE1331B614484002812FB /* SSZipArchive.m in Sources */,
				59EAE11C1B614464002812FB /* BRRequestQueue.m in Sources */,
				596397721B5A830500B2286F /* GRPushSegue.m in Sources */,
				593799EE1B3D681800B6B843 /* AppDelegate.m in Sources */,
			);
			runOnlyForDeploymentPostprocessing = 0;
		};
		593799F91B3D681800B6B843 /* Sources */ = {
			isa = PBXSourcesBuildPhase;
			buildActionMask = 2147483647;
			files = (
				59379A041B3D681800B6B843 /* TV_ShowsTests.m in Sources */,
			);
			runOnlyForDeploymentPostprocessing = 0;
		};
		5940FA0F1B5FCA0B00C09C1F /* Sources */ = {
			isa = PBXSourcesBuildPhase;
			buildActionMask = 2147483647;
			files = (
				5940FA2B1B5FDDB000C09C1F /* TVShow.m in Sources */,
				5940FA1E1B5FCA0B00C09C1F /* TodayViewController.m in Sources */,
			);
			runOnlyForDeploymentPostprocessing = 0;
		};
		5955F0591B53896200FA288B /* Sources */ = {
			isa = PBXSourcesBuildPhase;
			buildActionMask = 2147483647;
			files = (
				5955F07F1B5389A400FA288B /* TVShow.m in Sources */,
				5955F06A1B53896200FA288B /* TodayViewController.m in Sources */,
				5955F06D1B53896200FA288B /* ListRowViewController.m in Sources */,
			);
			runOnlyForDeploymentPostprocessing = 0;
		};
/* End PBXSourcesBuildPhase section */

/* Begin PBXTargetDependency section */
		593799FF1B3D681800B6B843 /* PBXTargetDependency */ = {
			isa = PBXTargetDependency;
			target = 593799E61B3D681800B6B843 /* TV Shows */;
			targetProxy = 593799FE1B3D681800B6B843 /* PBXContainerItemProxy */;
		};
		5940FA221B5FCA0B00C09C1F /* PBXTargetDependency */ = {
			isa = PBXTargetDependency;
			target = 5940FA121B5FCA0B00C09C1F /* TV Shows Info */;
			targetProxy = 5940FA211B5FCA0B00C09C1F /* PBXContainerItemProxy */;
		};
		5955F0731B53896200FA288B /* PBXTargetDependency */ = {
			isa = PBXTargetDependency;
			target = 5955F05C1B53896200FA288B /* Today's Shows */;
			targetProxy = 5955F0721B53896200FA288B /* PBXContainerItemProxy */;
		};
/* End PBXTargetDependency section */

/* Begin PBXVariantGroup section */
		593799F61B3D681800B6B843 /* Main.storyboard */ = {
			isa = PBXVariantGroup;
			children = (
				593799F71B3D681800B6B843 /* Base */,
			);
			name = Main.storyboard;
			sourceTree = "<group>";
		};
		5940FA191B5FCA0B00C09C1F /* InfoPlist.strings */ = {
			isa = PBXVariantGroup;
			children = (
				5940FA1A1B5FCA0B00C09C1F /* en */,
			);
			name = InfoPlist.strings;
			sourceTree = "<group>";
		};
		5955F0651B53896200FA288B /* InfoPlist.strings */ = {
			isa = PBXVariantGroup;
			children = (
				5955F0661B53896200FA288B /* en */,
			);
			name = InfoPlist.strings;
			sourceTree = "<group>";
		};
/* End PBXVariantGroup section */

/* Begin XCBuildConfiguration section */
		59379A051B3D681800B6B843 /* Debug */ = {
			isa = XCBuildConfiguration;
			buildSettings = {
				ALWAYS_SEARCH_USER_PATHS = NO;
				CLANG_CXX_LANGUAGE_STANDARD = "gnu++0x";
				CLANG_CXX_LIBRARY = "libc++";
				CLANG_ENABLE_MODULES = YES;
				CLANG_ENABLE_OBJC_ARC = YES;
				CLANG_WARN_BOOL_CONVERSION = YES;
				CLANG_WARN_CONSTANT_CONVERSION = YES;
				CLANG_WARN_DIRECT_OBJC_ISA_USAGE = YES_ERROR;
				CLANG_WARN_EMPTY_BODY = YES;
				CLANG_WARN_ENUM_CONVERSION = YES;
				CLANG_WARN_INT_CONVERSION = YES;
				CLANG_WARN_OBJC_ROOT_CLASS = YES_ERROR;
				CLANG_WARN_UNREACHABLE_CODE = YES;
				CLANG_WARN__DUPLICATE_METHOD_MATCH = YES;
				CODE_SIGN_IDENTITY = "-";
				COPY_PHASE_STRIP = NO;
				ENABLE_STRICT_OBJC_MSGSEND = YES;
				GCC_C_LANGUAGE_STANDARD = gnu99;
				GCC_DYNAMIC_NO_PIC = NO;
				GCC_OPTIMIZATION_LEVEL = 0;
				GCC_PREPROCESSOR_DEFINITIONS = (
					"DEBUG=1",
					"$(inherited)",
				);
				GCC_SYMBOLS_PRIVATE_EXTERN = NO;
				GCC_WARN_64_TO_32_BIT_CONVERSION = YES;
				GCC_WARN_ABOUT_RETURN_TYPE = YES_ERROR;
				GCC_WARN_UNDECLARED_SELECTOR = YES;
				GCC_WARN_UNINITIALIZED_AUTOS = YES_AGGRESSIVE;
				GCC_WARN_UNUSED_FUNCTION = YES;
				GCC_WARN_UNUSED_VARIABLE = YES;
				MACOSX_DEPLOYMENT_TARGET = 10.10;
				MTL_ENABLE_DEBUG_INFO = YES;
				ONLY_ACTIVE_ARCH = YES;
				SDKROOT = macosx;
			};
			name = Debug;
		};
		59379A061B3D681800B6B843 /* Release */ = {
			isa = XCBuildConfiguration;
			buildSettings = {
				ALWAYS_SEARCH_USER_PATHS = NO;
				CLANG_CXX_LANGUAGE_STANDARD = "gnu++0x";
				CLANG_CXX_LIBRARY = "libc++";
				CLANG_ENABLE_MODULES = YES;
				CLANG_ENABLE_OBJC_ARC = YES;
				CLANG_WARN_BOOL_CONVERSION = YES;
				CLANG_WARN_CONSTANT_CONVERSION = YES;
				CLANG_WARN_DIRECT_OBJC_ISA_USAGE = YES_ERROR;
				CLANG_WARN_EMPTY_BODY = YES;
				CLANG_WARN_ENUM_CONVERSION = YES;
				CLANG_WARN_INT_CONVERSION = YES;
				CLANG_WARN_OBJC_ROOT_CLASS = YES_ERROR;
				CLANG_WARN_UNREACHABLE_CODE = YES;
				CLANG_WARN__DUPLICATE_METHOD_MATCH = YES;
				CODE_SIGN_IDENTITY = "-";
				COPY_PHASE_STRIP = YES;
				DEBUG_INFORMATION_FORMAT = "dwarf-with-dsym";
				ENABLE_NS_ASSERTIONS = NO;
				ENABLE_STRICT_OBJC_MSGSEND = YES;
				GCC_C_LANGUAGE_STANDARD = gnu99;
				GCC_WARN_64_TO_32_BIT_CONVERSION = YES;
				GCC_WARN_ABOUT_RETURN_TYPE = YES_ERROR;
				GCC_WARN_UNDECLARED_SELECTOR = YES;
				GCC_WARN_UNINITIALIZED_AUTOS = YES_AGGRESSIVE;
				GCC_WARN_UNUSED_FUNCTION = YES;
				GCC_WARN_UNUSED_VARIABLE = YES;
				MACOSX_DEPLOYMENT_TARGET = 10.10;
				MTL_ENABLE_DEBUG_INFO = NO;
				SDKROOT = macosx;
			};
			name = Release;
		};
		59379A081B3D681800B6B843 /* Debug */ = {
			isa = XCBuildConfiguration;
			buildSettings = {
				ASSETCATALOG_COMPILER_APPICON_NAME = AppIcon;
				CODE_SIGN_ENTITLEMENTS = "TV Shows/TV Shows.entitlements";
				COMBINE_HIDPI_IMAGES = YES;
				INFOPLIST_FILE = "TV Shows/Info.plist";
				LD_RUNPATH_SEARCH_PATHS = "$(inherited) @executable_path/../Frameworks";
				PRODUCT_NAME = "$(TARGET_NAME)";
			};
			name = Debug;
		};
		59379A091B3D681800B6B843 /* Release */ = {
			isa = XCBuildConfiguration;
			buildSettings = {
				ASSETCATALOG_COMPILER_APPICON_NAME = AppIcon;
				CODE_SIGN_ENTITLEMENTS = "TV Shows/TV Shows.entitlements";
				COMBINE_HIDPI_IMAGES = YES;
				INFOPLIST_FILE = "TV Shows/Info.plist";
				LD_RUNPATH_SEARCH_PATHS = "$(inherited) @executable_path/../Frameworks";
				PRODUCT_NAME = "$(TARGET_NAME)";
			};
			name = Release;
		};
		59379A0B1B3D681800B6B843 /* Debug */ = {
			isa = XCBuildConfiguration;
			buildSettings = {
				BUNDLE_LOADER = "$(TEST_HOST)";
				COMBINE_HIDPI_IMAGES = YES;
				FRAMEWORK_SEARCH_PATHS = (
					"$(DEVELOPER_FRAMEWORKS_DIR)",
					"$(inherited)",
				);
				GCC_PREPROCESSOR_DEFINITIONS = (
					"DEBUG=1",
					"$(inherited)",
				);
				INFOPLIST_FILE = "TV ShowsTests/Info.plist";
				LD_RUNPATH_SEARCH_PATHS = "$(inherited) @executable_path/../Frameworks @loader_path/../Frameworks";
				PRODUCT_NAME = "$(TARGET_NAME)";
				TEST_HOST = "$(BUILT_PRODUCTS_DIR)/TV Shows.app/Contents/MacOS/TV Shows";
			};
			name = Debug;
		};
		59379A0C1B3D681800B6B843 /* Release */ = {
			isa = XCBuildConfiguration;
			buildSettings = {
				BUNDLE_LOADER = "$(TEST_HOST)";
				COMBINE_HIDPI_IMAGES = YES;
				FRAMEWORK_SEARCH_PATHS = (
					"$(DEVELOPER_FRAMEWORKS_DIR)",
					"$(inherited)",
				);
				INFOPLIST_FILE = "TV ShowsTests/Info.plist";
				LD_RUNPATH_SEARCH_PATHS = "$(inherited) @executable_path/../Frameworks @loader_path/../Frameworks";
				PRODUCT_NAME = "$(TARGET_NAME)";
				TEST_HOST = "$(BUILT_PRODUCTS_DIR)/TV Shows.app/Contents/MacOS/TV Shows";
			};
			name = Release;
		};
		5940FA241B5FCA0B00C09C1F /* Debug */ = {
			isa = XCBuildConfiguration;
			buildSettings = {
				CODE_SIGN_ENTITLEMENTS = "TV Shows Info/TV_Shows_Info.entitlements";
				CODE_SIGN_IDENTITY = "-";
				COMBINE_HIDPI_IMAGES = YES;
				GCC_PREPROCESSOR_DEFINITIONS = (
					"DEBUG=1",
					"$(inherited)",
				);
				INFOPLIST_FILE = "TV Shows Info/Info.plist";
				LD_RUNPATH_SEARCH_PATHS = "$(inherited) @executable_path/../Frameworks @executable_path/../../../../Frameworks";
				PRODUCT_NAME = "$(TARGET_NAME)";
				SKIP_INSTALL = YES;
			};
			name = Debug;
		};
		5940FA251B5FCA0B00C09C1F /* Release */ = {
			isa = XCBuildConfiguration;
			buildSettings = {
				CODE_SIGN_ENTITLEMENTS = "TV Shows Info/TV_Shows_Info.entitlements";
				CODE_SIGN_IDENTITY = "-";
				COMBINE_HIDPI_IMAGES = YES;
				INFOPLIST_FILE = "TV Shows Info/Info.plist";
				LD_RUNPATH_SEARCH_PATHS = "$(inherited) @executable_path/../Frameworks @executable_path/../../../../Frameworks";
				PRODUCT_NAME = "$(TARGET_NAME)";
				SKIP_INSTALL = YES;
			};
			name = Release;
		};
		5955F0751B53896200FA288B /* Debug */ = {
			isa = XCBuildConfiguration;
			buildSettings = {
				CODE_SIGN_ENTITLEMENTS = "Today's Shows/Today_s_Shows.entitlements";
				CODE_SIGN_IDENTITY = "-";
				COMBINE_HIDPI_IMAGES = YES;
				GCC_PREPROCESSOR_DEFINITIONS = (
					"DEBUG=1",
					"$(inherited)",
				);
				INFOPLIST_FILE = "Today's Shows/Info.plist";
				LD_RUNPATH_SEARCH_PATHS = "$(inherited) @executable_path/../Frameworks @executable_path/../../../../Frameworks";
				PRODUCT_NAME = "$(TARGET_NAME)";
				SKIP_INSTALL = YES;
			};
			name = Debug;
		};
		5955F0761B53896200FA288B /* Release */ = {
			isa = XCBuildConfiguration;
			buildSettings = {
				CODE_SIGN_ENTITLEMENTS = "Today's Shows/Today_s_Shows.entitlements";
				CODE_SIGN_IDENTITY = "-";
				COMBINE_HIDPI_IMAGES = YES;
				INFOPLIST_FILE = "Today's Shows/Info.plist";
				LD_RUNPATH_SEARCH_PATHS = "$(inherited) @executable_path/../Frameworks @executable_path/../../../../Frameworks";
				PRODUCT_NAME = "$(TARGET_NAME)";
				SKIP_INSTALL = YES;
			};
			name = Release;
		};
/* End XCBuildConfiguration section */

/* Begin XCConfigurationList section */
		593799E21B3D681800B6B843 /* Build configuration list for PBXProject "TV Shows" */ = {
			isa = XCConfigurationList;
			buildConfigurations = (
				59379A051B3D681800B6B843 /* Debug */,
				59379A061B3D681800B6B843 /* Release */,
			);
			defaultConfigurationIsVisible = 0;
			defaultConfigurationName = Release;
		};
		59379A071B3D681800B6B843 /* Build configuration list for PBXNativeTarget "TV Shows" */ = {
			isa = XCConfigurationList;
			buildConfigurations = (
				59379A081B3D681800B6B843 /* Debug */,
				59379A091B3D681800B6B843 /* Release */,
			);
			defaultConfigurationIsVisible = 0;
			defaultConfigurationName = Release;
		};
		59379A0A1B3D681800B6B843 /* Build configuration list for PBXNativeTarget "TV ShowsTests" */ = {
			isa = XCConfigurationList;
			buildConfigurations = (
				59379A0B1B3D681800B6B843 /* Debug */,
				59379A0C1B3D681800B6B843 /* Release */,
			);
			defaultConfigurationIsVisible = 0;
			defaultConfigurationName = Release;
		};
		5940FA261B5FCA0B00C09C1F /* Build configuration list for PBXNativeTarget "TV Shows Info" */ = {
			isa = XCConfigurationList;
			buildConfigurations = (
				5940FA241B5FCA0B00C09C1F /* Debug */,
				5940FA251B5FCA0B00C09C1F /* Release */,
			);
			defaultConfigurationIsVisible = 0;
			defaultConfigurationName = Release;
		};
		5955F0771B53896200FA288B /* Build configuration list for PBXNativeTarget "Today's Shows" */ = {
			isa = XCConfigurationList;
			buildConfigurations = (
				5955F0751B53896200FA288B /* Debug */,
				5955F0761B53896200FA288B /* Release */,
			);
			defaultConfigurationIsVisible = 0;
			defaultConfigurationName = Release;
		};
/* End XCConfigurationList section */
	};
	rootObject = 593799DF1B3D681800B6B843 /* Project object */;
}
